
Microsoft Visual Studio Solution File, Format Version 12.00
# Visual Studio Version 17
VisualStudioVersion = 17.14.36202.13 d17.14
MinimumVisualStudioVersion = 10.0.40219.1
Project("{FAE04EC0-301F-11D3-BF4B-00C04F79EFBC}") = "Foreach_loop", "Foreach_loop\Foreach_loop.csproj", "{028B5B40-5BB0-4826-9B95-C9E4696EFD5D}"
EndProject
Global
	GlobalSection(SolutionConfigurationPlatforms) = preSolution
		Debug|Any CPU = Debug|Any CPU
		Release|Any CPU = Release|Any CPU
	EndGlobalSection
	GlobalSection(ProjectConfigurationPlatforms) = postSolution
		{028B5B40-5BB0-4826-9B95-C9E4696EFD5D}.Debug|Any CPU.ActiveCfg = Debug|Any CPU
		{028B5B40-5BB0-4826-9B95-C9E4696EFD5D}.Debug|Any CPU.Build.0 = Debug|Any CPU
		{028B5B40-5BB0-4826-9B95-C9E4696EFD5D}.Release|Any CPU.ActiveCfg = Release|Any CPU
		{028B5B40-5BB0-4826-9B95-C9E4696EFD5D}.Release|Any CPU.Build.0 = Release|Any CPU
	EndGlobalSection
	GlobalSection(SolutionProperties) = preSolution
		HideSolutionNode = FALSE
	EndGlobalSection
	GlobalSection(ExtensibilityGlobals) = postSolution
		SolutionGuid = {8BBCB2ED-D3B2-47CF-9E08-E7E1774BA3DC}
	EndGlobalSection
EndGlobal
