
Microsoft Visual Studio Solution File, Format Version 12.00
# Visual Studio Version 17
VisualStudioVersion = 17.14.36202.13 d17.14
MinimumVisualStudioVersion = 10.0.40219.1
Project("{FAE04EC0-301F-11D3-BF4B-00C04F79EFBC}") = "First_List", "FirstorDefaultList\First_List.csproj", "{2F896124-8071-4A36-AD59-EF3E5F378D0D}"
EndProject
Global
	GlobalSection(SolutionConfigurationPlatforms) = preSolution
		Debug|Any CPU = Debug|Any CPU
		Release|Any CPU = Release|Any CPU
	EndGlobalSection
	GlobalSection(ProjectConfigurationPlatforms) = postSolution
		{2F896124-8071-4A36-AD59-EF3E5F378D0D}.Debug|Any CPU.ActiveCfg = Debug|Any CPU
		{2F896124-8071-4A36-AD59-EF3E5F378D0D}.Debug|Any CPU.Build.0 = Debug|Any CPU
		{2F896124-8071-4A36-AD59-EF3E5F378D0D}.Release|Any CPU.ActiveCfg = Release|Any CPU
		{2F896124-8071-4A36-AD59-EF3E5F378D0D}.Release|Any CPU.Build.0 = Release|Any CPU
	EndGlobalSection
	GlobalSection(SolutionProperties) = preSolution
		HideSolutionNode = FALSE
	EndGlobalSection
	GlobalSection(ExtensibilityGlobals) = postSolution
		SolutionGuid = {FAC167DD-8F5C-460C-8F77-761C2CC7A054}
	EndGlobalSection
EndGlobal
