
Microsoft Visual Studio Solution File, Format Version 12.00
# Visual Studio Version 17
VisualStudioVersion = 17.14.36202.13 d17.14
MinimumVisualStudioVersion = 10.0.40219.1
Project("{FAE04EC0-301F-11D3-BF4B-00C04F79EFBC}") = "OOPSAbstraction_multilevel Inheritance", "OOPSAbstraction_multilevel Inheritance\OOPSAbstraction_multilevel Inheritance.csproj", "{84FBD4A3-BB2B-4524-8D28-9B7327AFF887}"
EndProject
Global
	GlobalSection(SolutionConfigurationPlatforms) = preSolution
		Debug|Any CPU = Debug|Any CPU
		Release|Any CPU = Release|Any CPU
	EndGlobalSection
	GlobalSection(ProjectConfigurationPlatforms) = postSolution
		{84FBD4A3-BB2B-4524-8D28-9B7327AFF887}.Debug|Any CPU.ActiveCfg = Debug|Any CPU
		{84FBD4A3-BB2B-4524-8D28-9B7327AFF887}.Debug|Any CPU.Build.0 = Debug|Any CPU
		{84FBD4A3-BB2B-4524-8D28-9B7327AFF887}.Release|Any CPU.ActiveCfg = Release|Any CPU
		{84FBD4A3-BB2B-4524-8D28-9B7327AFF887}.Release|Any CPU.Build.0 = Release|Any CPU
	EndGlobalSection
	GlobalSection(SolutionProperties) = preSolution
		HideSolutionNode = FALSE
	EndGlobalSection
	GlobalSection(ExtensibilityGlobals) = postSolution
		SolutionGuid = {12BD6E94-25E9-4554-9506-CA79E8BB6ABA}
	EndGlobalSection
EndGlobal
